
Microsoft Visual Studio Solution File, Format Version 12.00
# Visual Studio 2013
VisualStudioVersion = 12.0.31101.0
MinimumVisualStudioVersion = 10.0.40219.1
Project("{FAE04EC0-301F-11D3-BF4B-00C04F79EFBC}") = "AlgosPrimer", "AlgosPrimer\AlgosPrimer.csproj", "{97D00762-A329-4D73-8E40-21E9378980BA}"
EndProject
Project("{FAE04EC0-301F-11D3-BF4B-00C04F79EFBC}") = "AlgorithmicCollection", "AlgorithmicCollection\AlgorithmicCollection.csproj", "{F572E3BC-C1A8-495E-B74A-AC989967C47E}"
EndProject
Global
	GlobalSection(SolutionConfigurationPlatforms) = preSolution
		Debug|Any CPU = Debug|Any CPU
		Release|Any CPU = Release|Any CPU
	EndGlobalSection
	GlobalSection(ProjectConfigurationPlatforms) = postSolution
		{97D00762-A329-4D73-8E40-21E9378980BA}.Debug|Any CPU.ActiveCfg = Debug|Any CPU
		{97D00762-A329-4D73-8E40-21E9378980BA}.Debug|Any CPU.Build.0 = Debug|Any CPU
		{97D00762-A329-4D73-8E40-21E9378980BA}.Release|Any CPU.ActiveCfg = Release|Any CPU
		{97D00762-A329-4D73-8E40-21E9378980BA}.Release|Any CPU.Build.0 = Release|Any CPU
		{F572E3BC-C1A8-495E-B74A-AC989967C47E}.Debug|Any CPU.ActiveCfg = Debug|Any CPU
		{F572E3BC-C1A8-495E-B74A-AC989967C47E}.Debug|Any CPU.Build.0 = Debug|Any CPU
		{F572E3BC-C1A8-495E-B74A-AC989967C47E}.Release|Any CPU.ActiveCfg = Release|Any CPU
		{F572E3BC-C1A8-495E-B74A-AC989967C47E}.Release|Any CPU.Build.0 = Release|Any CPU
	EndGlobalSection
	GlobalSection(SolutionProperties) = preSolution
		HideSolutionNode = FALSE
	EndGlobalSection
EndGlobal
